
Microsoft Visual Studio Solution File, Format Version 12.00
# Visual Studio Version 17
VisualStudioVersion = 17.14.35906.104 d17.14
MinimumVisualStudioVersion = 10.0.40219.1
Project("{FAE04EC0-301F-11D3-BF4B-00C04F79EFBC}") = "ConsoleApp1", "ConsoleApp1.csproj", "{842982D5-6145-404C-BF75-1047E3F9EC3A}"
EndProject
Global
	GlobalSection(SolutionConfigurationPlatforms) = preSolution
		Debug|Any CPU = Debug|Any CPU
		Release|Any CPU = Release|Any CPU
	EndGlobalSection
	GlobalSection(ProjectConfigurationPlatforms) = postSolution
		{842982D5-6145-404C-BF75-1047E3F9EC3A}.Debug|Any CPU.ActiveCfg = Debug|Any CPU
		{842982D5-6145-404C-BF75-1047E3F9EC3A}.Debug|Any CPU.Build.0 = Debug|Any CPU
		{842982D5-6145-404C-BF75-1047E3F9EC3A}.Release|Any CPU.ActiveCfg = Release|Any CPU
		{842982D5-6145-404C-BF75-1047E3F9EC3A}.Release|Any CPU.Build.0 = Release|Any CPU
	EndGlobalSection
	GlobalSection(SolutionProperties) = preSolution
		HideSolutionNode = FALSE
	EndGlobalSection
	GlobalSection(ExtensibilityGlobals) = postSolution
		SolutionGuid = {0010703B-33A3-47AB-83C4-06F98B9DF6DE}
	EndGlobalSection
EndGlobal
